
Microsoft Visual Studio Solution File, Format Version 12.00
# Visual Studio Version 17
VisualStudioVersion = 17.6.33829.357
MinimumVisualStudioVersion = 10.0.40219.1
Project("{FAE04EC0-301F-11D3-BF4B-00C04F79EFBC}") = "Calculadora tela", "Calculadora tela\Calculadora tela.csproj", "{2874A0B4-4C80-42F1-BFFD-FCA6DB74FDED}"
EndProject
Global
	GlobalSection(SolutionConfigurationPlatforms) = preSolution
		Debug|Any CPU = Debug|Any CPU
		Release|Any CPU = Release|Any CPU
	EndGlobalSection
	GlobalSection(ProjectConfigurationPlatforms) = postSolution
		{2874A0B4-4C80-42F1-BFFD-FCA6DB74FDED}.Debug|Any CPU.ActiveCfg = Debug|Any CPU
		{2874A0B4-4C80-42F1-BFFD-FCA6DB74FDED}.Debug|Any CPU.Build.0 = Debug|Any CPU
		{2874A0B4-4C80-42F1-BFFD-FCA6DB74FDED}.Release|Any CPU.ActiveCfg = Release|Any CPU
		{2874A0B4-4C80-42F1-BFFD-FCA6DB74FDED}.Release|Any CPU.Build.0 = Release|Any CPU
	EndGlobalSection
	GlobalSection(SolutionProperties) = preSolution
		HideSolutionNode = FALSE
	EndGlobalSection
	GlobalSection(ExtensibilityGlobals) = postSolution
		SolutionGuid = {1A199A91-D0A5-4E62-B005-8EC066AF0408}
	EndGlobalSection
EndGlobal
